
Microsoft Visual Studio Solution File, Format Version 12.00
# Visual Studio Version 16
VisualStudioVersion = 16.0.32228.343
MinimumVisualStudioVersion = 10.0.40219.1
Project("{FAE04EC0-301F-11D3-BF4B-00C04F79EFBC}") = "TodoListApi", "TodoListApi.csproj", "{91482CDD-AC01-4C23-A2A2-275B3B55DFFF}"
EndProject
Global
	GlobalSection(SolutionConfigurationPlatforms) = preSolution
		Debug|Any CPU = Debug|Any CPU
		Release|Any CPU = Release|Any CPU
	EndGlobalSection
	GlobalSection(ProjectConfigurationPlatforms) = postSolution
		{91482CDD-AC01-4C23-A2A2-275B3B55DFFF}.Debug|Any CPU.ActiveCfg = Debug|Any CPU
		{91482CDD-AC01-4C23-A2A2-275B3B55DFFF}.Debug|Any CPU.Build.0 = Debug|Any CPU
		{91482CDD-AC01-4C23-A2A2-275B3B55DFFF}.Release|Any CPU.ActiveCfg = Release|Any CPU
		{91482CDD-AC01-4C23-A2A2-275B3B55DFFF}.Release|Any CPU.Build.0 = Release|Any CPU
	EndGlobalSection
	GlobalSection(SolutionProperties) = preSolution
		HideSolutionNode = FALSE
	EndGlobalSection
	GlobalSection(ExtensibilityGlobals) = postSolution
		SolutionGuid = {329395B6-F837-41FF-A29B-92F73745F802}
	EndGlobalSection
EndGlobal
